
Microsoft Visual Studio Solution File, Format Version 12.00
# Visual Studio Version 16
VisualStudioVersion = 16.0.29201.188
MinimumVisualStudioVersion = 10.0.40219.1
Project("{FAE04EC0-301F-11D3-BF4B-00C04F79EFBC}") = "Reajustesalarial", "Reajustesalarial.csproj", "{68DC3A19-F9CF-4488-85B5-6E18569CD0FA}"
EndProject
Global
	GlobalSection(SolutionConfigurationPlatforms) = preSolution
		Debug|Any CPU = Debug|Any CPU
		Release|Any CPU = Release|Any CPU
	EndGlobalSection
	GlobalSection(ProjectConfigurationPlatforms) = postSolution
		{68DC3A19-F9CF-4488-85B5-6E18569CD0FA}.Debug|Any CPU.ActiveCfg = Debug|Any CPU
		{68DC3A19-F9CF-4488-85B5-6E18569CD0FA}.Debug|Any CPU.Build.0 = Debug|Any CPU
		{68DC3A19-F9CF-4488-85B5-6E18569CD0FA}.Release|Any CPU.ActiveCfg = Release|Any CPU
		{68DC3A19-F9CF-4488-85B5-6E18569CD0FA}.Release|Any CPU.Build.0 = Release|Any CPU
	EndGlobalSection
	GlobalSection(SolutionProperties) = preSolution
		HideSolutionNode = FALSE
	EndGlobalSection
	GlobalSection(ExtensibilityGlobals) = postSolution
		SolutionGuid = {93268E24-FE9B-4E7F-9CE7-4362B7B58CDD}
	EndGlobalSection
EndGlobal
